{
  "object": {
    "pins": [
      {
        "package": "VectorMath",
        "repositoryURL": "https://github.com/nicklockwood/VectorMath.git",
        "state": {
          "branch": null,
          "revision": "d0fa788176709bc94a9e4a4a8a4b402e98f63b68",
          "version": "0.4.0"
        }
      }
    ]
  },
  "version": 1
}
